// !$*UTF8*$!
{
	archiveVersion = 1;
	classes = {
	};
	objectVersion = 55;
	objects = {

/* Begin PBXBuildFile section */
		5F5903DF280020DC000BC5A2 /* AppDelegate.swift in Sources */ = {isa = PBXBuildFile; fileRef = 5F5903DE280020DC000BC5A2 /* AppDelegate.swift */; };
		5F5903E3280020DC000BC5A2 /* RootViewController.swift in Sources */ = {isa = PBXBuildFile; fileRef = 5F5903E2280020DC000BC5A2 /* RootViewController.swift */; };
		5F5903E8280020DD000BC5A2 /* Assets.xcassets in Resources */ = {isa = PBXBuildFile; fileRef = 5F5903E7280020DD000BC5A2 /* Assets.xcassets */; };
		5F5903EB280020DD000BC5A2 /* LaunchScreen.storyboard in Resources */ = {isa = PBXBuildFile; fileRef = 5F5903E9280020DD000BC5A2 /* LaunchScreen.storyboard */; };
		5F5903F428002168000BC5A2 /* Inject in Frameworks */ = {isa = PBXBuildFile; productRef = 5F5903F328002168000BC5A2 /* Inject */; };
		CEFE4C26169C17BB28A5B620 /* Pods_FlexLayout_HotReload.framework in Frameworks */ = {isa = PBXBuildFile; fileRef = 38A7FAAAF33E1F3D19F8C1A1 /* Pods_FlexLayout_HotReload.framework */; };
/* End PBXBuildFile section */

/* Begin PBXFileReference section */
		38A7FAAAF33E1F3D19F8C1A1 /* Pods_FlexLayout_HotReload.framework */ = {isa = PBXFileReference; explicitFileType = wrapper.framework; includeInIndex = 0; path = Pods_FlexLayout_HotReload.framework; sourceTree = BUILT_PRODUCTS_DIR; };
		44230C88B204DAF611690CEB /* Pods-FlexLayout_HotReload.release.xcconfig */ = {isa = PBXFileReference; includeInIndex = 1; lastKnownFileType = text.xcconfig; name = "Pods-FlexLayout_HotReload.release.xcconfig"; path = "Target Support Files/Pods-FlexLayout_HotReload/Pods-FlexLayout_HotReload.release.xcconfig"; sourceTree = "<group>"; };
		5BF45322C56978081D1DF615 /* Pods-FlexLayout_HotReload.debug.xcconfig */ = {isa = PBXFileReference; includeInIndex = 1; lastKnownFileType = text.xcconfig; name = "Pods-FlexLayout_HotReload.debug.xcconfig"; path = "Target Support Files/Pods-FlexLayout_HotReload/Pods-FlexLayout_HotReload.debug.xcconfig"; sourceTree = "<group>"; };
		5F5903DB280020DC000BC5A2 /* FlexLayout_HotReload.app */ = {isa = PBXFileReference; explicitFileType = wrapper.application; includeInIndex = 0; path = FlexLayout_HotReload.app; sourceTree = BUILT_PRODUCTS_DIR; };
		5F5903DE280020DC000BC5A2 /* AppDelegate.swift */ = {isa = PBXFileReference; lastKnownFileType = sourcecode.swift; path = AppDelegate.swift; sourceTree = "<group>"; };
		5F5903E2280020DC000BC5A2 /* RootViewController.swift */ = {isa = PBXFileReference; lastKnownFileType = sourcecode.swift; path = RootViewController.swift; sourceTree = "<group>"; };
		5F5903E7280020DD000BC5A2 /* Assets.xcassets */ = {isa = PBXFileReference; lastKnownFileType = folder.assetcatalog; path = Assets.xcassets; sourceTree = "<group>"; };
		5F5903EA280020DD000BC5A2 /* Base */ = {isa = PBXFileReference; lastKnownFileType = file.storyboard; name = Base; path = Base.lproj/LaunchScreen.storyboard; sourceTree = "<group>"; };
		5F5903EC280020DD000BC5A2 /* Info.plist */ = {isa = PBXFileReference; lastKnownFileType = text.plist.xml; path = Info.plist; sourceTree = "<group>"; };
		5F5903F5280022E3000BC5A2 /* README.md */ = {isa = PBXFileReference; lastKnownFileType = net.daringfireball.markdown; path = README.md; sourceTree = "<group>"; };
		5F5903F62800237A000BC5A2 /* preview-1.gif */ = {isa = PBXFileReference; lastKnownFileType = image.gif; path = "preview-1.gif"; sourceTree = "<group>"; };
/* End PBXFileReference section */

/* Begin PBXFrameworksBuildPhase section */
		5F5903D8280020DC000BC5A2 /* Frameworks */ = {
			isa = PBXFrameworksBuildPhase;
			buildActionMask = 2147483647;
			files = (
				CEFE4C26169C17BB28A5B620 /* Pods_FlexLayout_HotReload.framework in Frameworks */,
				5F5903F428002168000BC5A2 /* Inject in Frameworks */,
			);
			runOnlyForDeploymentPostprocessing = 0;
		};
/* End PBXFrameworksBuildPhase section */

/* Begin PBXGroup section */
		5F5903D2280020DC000BC5A2 = {
			isa = PBXGroup;
			children = (
				5F5903F5280022E3000BC5A2 /* README.md */,
				5F5903F62800237A000BC5A2 /* preview-1.gif */,
				5F5903DD280020DC000BC5A2 /* FlexLayout_HotReload */,
				5F5903DC280020DC000BC5A2 /* Products */,
				72CE5AC8D0227AA0A219F7E7 /* Pods */,
				E513B3D4A94C6613A2BDF2A8 /* Frameworks */,
			);
			sourceTree = "<group>";
		};
		5F5903DC280020DC000BC5A2 /* Products */ = {
			isa = PBXGroup;
			children = (
				5F5903DB280020DC000BC5A2 /* FlexLayout_HotReload.app */,
			);
			name = Products;
			sourceTree = "<group>";
		};
		5F5903DD280020DC000BC5A2 /* FlexLayout_HotReload */ = {
			isa = PBXGroup;
			children = (
				5F5903DE280020DC000BC5A2 /* AppDelegate.swift */,
				5F5903E2280020DC000BC5A2 /* RootViewController.swift */,
				5F5903E7280020DD000BC5A2 /* Assets.xcassets */,
				5F5903E9280020DD000BC5A2 /* LaunchScreen.storyboard */,
				5F5903EC280020DD000BC5A2 /* Info.plist */,
			);
			path = FlexLayout_HotReload;
			sourceTree = "<group>";
		};
		72CE5AC8D0227AA0A219F7E7 /* Pods */ = {
			isa = PBXGroup;
			children = (
				5BF45322C56978081D1DF615 /* Pods-FlexLayout_HotReload.debug.xcconfig */,
				44230C88B204DAF611690CEB /* Pods-FlexLayout_HotReload.release.xcconfig */,
			);
			path = Pods;
			sourceTree = "<group>";
		};
		E513B3D4A94C6613A2BDF2A8 /* Frameworks */ = {
			isa = PBXGroup;
			children = (
				38A7FAAAF33E1F3D19F8C1A1 /* Pods_FlexLayout_HotReload.framework */,
			);
			name = Frameworks;
			sourceTree = "<group>";
		};
/* End PBXGroup section */

/* Begin PBXNativeTarget section */
		5F5903DA280020DC000BC5A2 /* FlexLayout_HotReload */ = {
			isa = PBXNativeTarget;
			buildConfigurationList = 5F5903EF280020DD000BC5A2 /* Build configuration list for PBXNativeTarget "FlexLayout_HotReload" */;
			buildPhases = (
				55D17B8A408F8AF73ADB3469 /* [CP] Check Pods Manifest.lock */,
				5F5903D7280020DC000BC5A2 /* Sources */,
				5F5903D8280020DC000BC5A2 /* Frameworks */,
				5F5903D9280020DC000BC5A2 /* Resources */,
				D0456B2816FFACFE7099B315 /* [CP] Embed Pods Frameworks */,
			);
			buildRules = (
			);
			dependencies = (
			);
			name = FlexLayout_HotReload;
			packageProductDependencies = (
				5F5903F328002168000BC5A2 /* Inject */,
			);
			productName = FlexLayout_HotReload;
			productReference = 5F5903DB280020DC000BC5A2 /* FlexLayout_HotReload.app */;
			productType = "com.apple.product-type.application";
		};
/* End PBXNativeTarget section */

/* Begin PBXProject section */
		5F5903D3280020DC000BC5A2 /* Project object */ = {
			isa = PBXProject;
			attributes = {
				BuildIndependentTargetsInParallel = 1;
				LastSwiftUpdateCheck = 1300;
				LastUpgradeCheck = 1300;
				TargetAttributes = {
					5F5903DA280020DC000BC5A2 = {
						CreatedOnToolsVersion = 13.0;
					};
				};
			};
			buildConfigurationList = 5F5903D6280020DC000BC5A2 /* Build configuration list for PBXProject "FlexLayout_HotReload" */;
			compatibilityVersion = "Xcode 13.0";
			developmentRegion = en;
			hasScannedForEncodings = 0;
			knownRegions = (
				en,
				Base,
			);
			mainGroup = 5F5903D2280020DC000BC5A2;
			packageReferences = (
				5F5903F228002168000BC5A2 /* XCRemoteSwiftPackageReference "Inject" */,
			);
			productRefGroup = 5F5903DC280020DC000BC5A2 /* Products */;
			projectDirPath = "";
			projectRoot = "";
			targets = (
				5F5903DA280020DC000BC5A2 /* FlexLayout_HotReload */,
			);
		};
/* End PBXProject section */

/* Begin PBXResourcesBuildPhase section */
		5F5903D9280020DC000BC5A2 /* Resources */ = {
			isa = PBXResourcesBuildPhase;
			buildActionMask = 2147483647;
			files = (
				5F5903EB280020DD000BC5A2 /* LaunchScreen.storyboard in Resources */,
				5F5903E8280020DD000BC5A2 /* Assets.xcassets in Resources */,
			);
			runOnlyForDeploymentPostprocessing = 0;
		};
/* End PBXResourcesBuildPhase section */

/* Begin PBXShellScriptBuildPhase section */
		55D17B8A408F8AF73ADB3469 /* [CP] Check Pods Manifest.lock */ = {
			isa = PBXShellScriptBuildPhase;
			buildActionMask = 2147483647;
			files = (
			);
			inputFileListPaths = (
			);
			inputPaths = (
				"${PODS_PODFILE_DIR_PATH}/Podfile.lock",
				"${PODS_ROOT}/Manifest.lock",
			);
			name = "[CP] Check Pods Manifest.lock";
			outputFileListPaths = (
			);
			outputPaths = (
				"$(DERIVED_FILE_DIR)/Pods-FlexLayout_HotReload-checkManifestLockResult.txt",
			);
			runOnlyForDeploymentPostprocessing = 0;
			shellPath = /bin/sh;
			shellScript = "diff \"${PODS_PODFILE_DIR_PATH}/Podfile.lock\" \"${PODS_ROOT}/Manifest.lock\" > /dev/null\nif [ $? != 0 ] ; then\n    # print error to STDERR\n    echo \"error: The sandbox is not in sync with the Podfile.lock. Run 'pod install' or update your CocoaPods installation.\" >&2\n    exit 1\nfi\n# This output is used by Xcode 'outputs' to avoid re-running this script phase.\necho \"SUCCESS\" > \"${SCRIPT_OUTPUT_FILE_0}\"\n";
			showEnvVarsInLog = 0;
		};
		D0456B2816FFACFE7099B315 /* [CP] Embed Pods Frameworks */ = {
			isa = PBXShellScriptBuildPhase;
			buildActionMask = 2147483647;
			files = (
			);
			inputFileListPaths = (
				"${PODS_ROOT}/Target Support Files/Pods-FlexLayout_HotReload/Pods-FlexLayout_HotReload-frameworks-${CONFIGURATION}-input-files.xcfilelist",
			);
			name = "[CP] Embed Pods Frameworks";
			outputFileListPaths = (
				"${PODS_ROOT}/Target Support Files/Pods-FlexLayout_HotReload/Pods-FlexLayout_HotReload-frameworks-${CONFIGURATION}-output-files.xcfilelist",
			);
			runOnlyForDeploymentPostprocessing = 0;
			shellPath = /bin/sh;
			shellScript = "\"${PODS_ROOT}/Target Support Files/Pods-FlexLayout_HotReload/Pods-FlexLayout_HotReload-frameworks.sh\"\n";
			showEnvVarsInLog = 0;
		};
/* End PBXShellScriptBuildPhase section */

/* Begin PBXSourcesBuildPhase section */
		5F5903D7280020DC000BC5A2 /* Sources */ = {
			isa = PBXSourcesBuildPhase;
			buildActionMask = 2147483647;
			files = (
				5F5903E3280020DC000BC5A2 /* RootViewController.swift in Sources */,
				5F5903DF280020DC000BC5A2 /* AppDelegate.swift in Sources */,
			);
			runOnlyForDeploymentPostprocessing = 0;
		};
/* End PBXSourcesBuildPhase section */

/* Begin PBXVariantGroup section */
		5F5903E9280020DD000BC5A2 /* LaunchScreen.storyboard */ = {
			isa = PBXVariantGroup;
			children = (
				5F5903EA280020DD000BC5A2 /* Base */,
			);
			name = LaunchScreen.storyboard;
			sourceTree = "<group>";
		};
/* End PBXVariantGroup section */

/* Begin XCBuildConfiguration section */
		5F5903ED280020DD000BC5A2 /* Debug */ = {
			isa = XCBuildConfiguration;
			buildSettings = {
				ALWAYS_SEARCH_USER_PATHS = NO;
				CLANG_ANALYZER_NONNULL = YES;
				CLANG_ANALYZER_NUMBER_OBJECT_CONVERSION = YES_AGGRESSIVE;
				CLANG_CXX_LANGUAGE_STANDARD = "gnu++17";
				CLANG_CXX_LIBRARY = "libc++";
				CLANG_ENABLE_MODULES = YES;
				CLANG_ENABLE_OBJC_ARC = YES;
				CLANG_ENABLE_OBJC_WEAK = YES;
				CLANG_WARN_BLOCK_CAPTURE_AUTORELEASING = YES;
				CLANG_WARN_BOOL_CONVERSION = YES;
				CLANG_WARN_COMMA = YES;
				CLANG_WARN_CONSTANT_CONVERSION = YES;
				CLANG_WARN_DEPRECATED_OBJC_IMPLEMENTATIONS = YES;
				CLANG_WARN_DIRECT_OBJC_ISA_USAGE = YES_ERROR;
				CLANG_WARN_DOCUMENTATION_COMMENTS = YES;
				CLANG_WARN_EMPTY_BODY = YES;
				CLANG_WARN_ENUM_CONVERSION = YES;
				CLANG_WARN_INFINITE_RECURSION = YES;
				CLANG_WARN_INT_CONVERSION = YES;
				CLANG_WARN_NON_LITERAL_NULL_CONVERSION = YES;
				CLANG_WARN_OBJC_IMPLICIT_RETAIN_SELF = YES;
				CLANG_WARN_OBJC_LITERAL_CONVERSION = YES;
				CLANG_WARN_OBJC_ROOT_CLASS = YES_ERROR;
				CLANG_WARN_QUOTED_INCLUDE_IN_FRAMEWORK_HEADER = YES;
				CLANG_WARN_RANGE_LOOP_ANALYSIS = YES;
				CLANG_WARN_STRICT_PROTOTYPES = YES;
				CLANG_WARN_SUSPICIOUS_MOVE = YES;
				CLANG_WARN_UNGUARDED_AVAILABILITY = YES_AGGRESSIVE;
				CLANG_WARN_UNREACHABLE_CODE = YES;
				CLANG_WARN__DUPLICATE_METHOD_MATCH = YES;
				COPY_PHASE_STRIP = NO;
				DEBUG_INFORMATION_FORMAT = dwarf;
				ENABLE_STRICT_OBJC_MSGSEND = YES;
				ENABLE_TESTABILITY = YES;
				GCC_C_LANGUAGE_STANDARD = gnu11;
				GCC_DYNAMIC_NO_PIC = NO;
				GCC_NO_COMMON_BLOCKS = YES;
				GCC_OPTIMIZATION_LEVEL = 0;
				GCC_PREPROCESSOR_DEFINITIONS = (
					"DEBUG=1",
					"$(inherited)",
				);
				GCC_WARN_64_TO_32_BIT_CONVERSION = YES;
				GCC_WARN_ABOUT_RETURN_TYPE = YES_ERROR;
				GCC_WARN_UNDECLARED_SELECTOR = YES;
				GCC_WARN_UNINITIALIZED_AUTOS = YES_AGGRESSIVE;
				GCC_WARN_UNUSED_FUNCTION = YES;
				GCC_WARN_UNUSED_VARIABLE = YES;
				IPHONEOS_DEPLOYMENT_TARGET = 15.0;
				MTL_ENABLE_DEBUG_INFO = INCLUDE_SOURCE;
				MTL_FAST_MATH = YES;
				ONLY_ACTIVE_ARCH = YES;
				SDKROOT = iphoneos;
				SWIFT_ACTIVE_COMPILATION_CONDITIONS = DEBUG;
				SWIFT_OPTIMIZATION_LEVEL = "-Onone";
			};
			name = Debug;
		};
		5F5903EE280020DD000BC5A2 /* Release */ = {
			isa = XCBuildConfiguration;
			buildSettings = {
				ALWAYS_SEARCH_USER_PATHS = NO;
				CLANG_ANALYZER_NONNULL = YES;
				CLANG_ANALYZER_NUMBER_OBJECT_CONVERSION = YES_AGGRESSIVE;
				CLANG_CXX_LANGUAGE_STANDARD = "gnu++17";
				CLANG_CXX_LIBRARY = "libc++";
				CLANG_ENABLE_MODULES = YES;
				CLANG_ENABLE_OBJC_ARC = YES;
				CLANG_ENABLE_OBJC_WEAK = YES;
				CLANG_WARN_BLOCK_CAPTURE_AUTORELEASING = YES;
				CLANG_WARN_BOOL_CONVERSION = YES;
				CLANG_WARN_COMMA = YES;
				CLANG_WARN_CONSTANT_CONVERSION = YES;
				CLANG_WARN_DEPRECATED_OBJC_IMPLEMENTATIONS = YES;
				CLANG_WARN_DIRECT_OBJC_ISA_USAGE = YES_ERROR;
				CLANG_WARN_DOCUMENTATION_COMMENTS = YES;
				CLANG_WARN_EMPTY_BODY = YES;
				CLANG_WARN_ENUM_CONVERSION = YES;
				CLANG_WARN_INFINITE_RECURSION = YES;
				CLANG_WARN_INT_CONVERSION = YES;
				CLANG_WARN_NON_LITERAL_NULL_CONVERSION = YES;
				CLANG_WARN_OBJC_IMPLICIT_RETAIN_SELF = YES;
				CLANG_WARN_OBJC_LITERAL_CONVERSION = YES;
				CLANG_WARN_OBJC_ROOT_CLASS = YES_ERROR;
				CLANG_WARN_QUOTED_INCLUDE_IN_FRAMEWORK_HEADER = YES;
				CLANG_WARN_RANGE_LOOP_ANALYSIS = YES;
				CLANG_WARN_STRICT_PROTOTYPES = YES;
				CLANG_WARN_SUSPICIOUS_MOVE = YES;
				CLANG_WARN_UNGUARDED_AVAILABILITY = YES_AGGRESSIVE;
				CLANG_WARN_UNREACHABLE_CODE = YES;
				CLANG_WARN__DUPLICATE_METHOD_MATCH = YES;
				COPY_PHASE_STRIP = NO;
				DEBUG_INFORMATION_FORMAT = "dwarf-with-dsym";
				ENABLE_NS_ASSERTIONS = NO;
				ENABLE_STRICT_OBJC_MSGSEND = YES;
				GCC_C_LANGUAGE_STANDARD = gnu11;
				GCC_NO_COMMON_BLOCKS = YES;
				GCC_WARN_64_TO_32_BIT_CONVERSION = YES;
				GCC_WARN_ABOUT_RETURN_TYPE = YES_ERROR;
				GCC_WARN_UNDECLARED_SELECTOR = YES;
				GCC_WARN_UNINITIALIZED_AUTOS = YES_AGGRESSIVE;
				GCC_WARN_UNUSED_FUNCTION = YES;
				GCC_WARN_UNUSED_VARIABLE = YES;
				IPHONEOS_DEPLOYMENT_TARGET = 15.0;
				MTL_ENABLE_DEBUG_INFO = NO;
				MTL_FAST_MATH = YES;
				SDKROOT = iphoneos;
				SWIFT_COMPILATION_MODE = wholemodule;
				SWIFT_OPTIMIZATION_LEVEL = "-O";
				VALIDATE_PRODUCT = YES;
			};
			name = Release;
		};
		5F5903F0280020DD000BC5A2 /* Debug */ = {
			isa = XCBuildConfiguration;
			baseConfigurationReference = 5BF45322C56978081D1DF615 /* Pods-FlexLayout_HotReload.debug.xcconfig */;
			buildSettings = {
				ASSETCATALOG_COMPILER_APPICON_NAME = AppIcon;
				ASSETCATALOG_COMPILER_GLOBAL_ACCENT_COLOR_NAME = AccentColor;
				CODE_SIGN_STYLE = Automatic;
				CURRENT_PROJECT_VERSION = 1;
				GENERATE_INFOPLIST_FILE = YES;
				INFOPLIST_FILE = FlexLayout_HotReload/Info.plist;
				INFOPLIST_KEY_UIApplicationSupportsIndirectInputEvents = YES;
				INFOPLIST_KEY_UILaunchStoryboardName = LaunchScreen;
				INFOPLIST_KEY_UISupportedInterfaceOrientations_iPad = "UIInterfaceOrientationPortrait UIInterfaceOrientationPortraitUpsideDown UIInterfaceOrientationLandscapeLeft UIInterfaceOrientationLandscapeRight";
				INFOPLIST_KEY_UISupportedInterfaceOrientations_iPhone = "UIInterfaceOrientationPortrait UIInterfaceOrientationLandscapeLeft UIInterfaceOrientationLandscapeRight";
				LD_RUNPATH_SEARCH_PATHS = (
					"$(inherited)",
					"@executable_path/Frameworks",
				);
				MARKETING_VERSION = 1.0;
				OTHER_LDFLAGS = (
					"$(inherited)",
					"-l\"c++\"",
					"-framework",
					"\"CoreGraphics\"",
					"-framework",
					"\"FlexLayout\"",
					"-framework",
					"\"Foundation\"",
					"-framework",
					"\"PinLayout\"",
					"-framework",
					"\"RxCocoa\"",
					"-framework",
					"\"RxGesture\"",
					"-framework",
					"\"RxRelay\"",
					"-framework",
					"\"RxSwift\"",
					"-framework",
					"\"Then\"",
					"-framework",
					"\"UIKit\"",
					"-Xlinker",
					"-interposable",
				);
				PRODUCT_BUNDLE_IDENTIFIER = "com.jinhyuk.FlexLayout-HotReload";
				PRODUCT_NAME = "$(TARGET_NAME)";
				SWIFT_EMIT_LOC_STRINGS = YES;
				SWIFT_VERSION = 5.0;
				TARGETED_DEVICE_FAMILY = "1,2";
			};
			name = Debug;
		};
		5F5903F1280020DD000BC5A2 /* Release */ = {
			isa = XCBuildConfiguration;
			baseConfigurationReference = 44230C88B204DAF611690CEB /* Pods-FlexLayout_HotReload.release.xcconfig */;
			buildSettings = {
				ASSETCATALOG_COMPILER_APPICON_NAME = AppIcon;
				ASSETCATALOG_COMPILER_GLOBAL_ACCENT_COLOR_NAME = AccentColor;
				CODE_SIGN_STYLE = Automatic;
				CURRENT_PROJECT_VERSION = 1;
				GENERATE_INFOPLIST_FILE = YES;
				INFOPLIST_FILE = FlexLayout_HotReload/Info.plist;
				INFOPLIST_KEY_UIApplicationSupportsIndirectInputEvents = YES;
				INFOPLIST_KEY_UILaunchStoryboardName = LaunchScreen;
				INFOPLIST_KEY_UISupportedInterfaceOrientations_iPad = "UIInterfaceOrientationPortrait UIInterfaceOrientationPortraitUpsideDown UIInterfaceOrientationLandscapeLeft UIInterfaceOrientationLandscapeRight";
				INFOPLIST_KEY_UISupportedInterfaceOrientations_iPhone = "UIInterfaceOrientationPortrait UIInterfaceOrientationLandscapeLeft UIInterfaceOrientationLandscapeRight";
				LD_RUNPATH_SEARCH_PATHS = (
					"$(inherited)",
					"@executable_path/Frameworks",
				);
				MARKETING_VERSION = 1.0;
				OTHER_LDFLAGS = (
					"$(inherited)",
					"-l\"c++\"",
					"-framework",
					"\"CoreGraphics\"",
					"-framework",
					"\"FlexLayout\"",
					"-framework",
					"\"Foundation\"",
					"-framework",
					"\"PinLayout\"",
					"-framework",
					"\"RxCocoa\"",
					"-framework",
					"\"RxGesture\"",
					"-framework",
					"\"RxRelay\"",
					"-framework",
					"\"RxSwift\"",
					"-framework",
					"\"Then\"",
					"-framework",
					"\"UIKit\"",
					"-Xlinker",
					"-interposable",
				);
				PRODUCT_BUNDLE_IDENTIFIER = "com.jinhyuk.FlexLayout-HotReload";
				PRODUCT_NAME = "$(TARGET_NAME)";
				SWIFT_EMIT_LOC_STRINGS = YES;
				SWIFT_VERSION = 5.0;
				TARGETED_DEVICE_FAMILY = "1,2";
			};
			name = Release;
		};
/* End XCBuildConfiguration section */

/* Begin XCConfigurationList section */
		5F5903D6280020DC000BC5A2 /* Build configuration list for PBXProject "FlexLayout_HotReload" */ = {
			isa = XCConfigurationList;
			buildConfigurations = (
				5F5903ED280020DD000BC5A2 /* Debug */,
				5F5903EE280020DD000BC5A2 /* Release */,
			);
			defaultConfigurationIsVisible = 0;
			defaultConfigurationName = Release;
		};
		5F5903EF280020DD000BC5A2 /* Build configuration list for PBXNativeTarget "FlexLayout_HotReload" */ = {
			isa = XCConfigurationList;
			buildConfigurations = (
				5F5903F0280020DD000BC5A2 /* Debug */,
				5F5903F1280020DD000BC5A2 /* Release */,
			);
			defaultConfigurationIsVisible = 0;
			defaultConfigurationName = Release;
		};
/* End XCConfigurationList section */

/* Begin XCRemoteSwiftPackageReference section */
		5F5903F228002168000BC5A2 /* XCRemoteSwiftPackageReference "Inject" */ = {
			isa = XCRemoteSwiftPackageReference;
			repositoryURL = "https://github.com/krzysztofzablocki/Inject.git";
			requirement = {
				kind = upToNextMajorVersion;
				minimumVersion = 1.0.0;
			};
		};
/* End XCRemoteSwiftPackageReference section */

/* Begin XCSwiftPackageProductDependency section */
		5F5903F328002168000BC5A2 /* Inject */ = {
			isa = XCSwiftPackageProductDependency;
			package = 5F5903F228002168000BC5A2 /* XCRemoteSwiftPackageReference "Inject" */;
			productName = Inject;
		};
/* End XCSwiftPackageProductDependency section */
	};
	rootObject = 5F5903D3280020DC000BC5A2 /* Project object */;
}
